
Microsoft Visual Studio Solution File, Format Version 12.00
# Visual Studio Version 16
VisualStudioVersion = 16.0.31313.79
MinimumVisualStudioVersion = 10.0.40219.1
Project("{FAE04EC0-301F-11D3-BF4B-00C04F79EFBC}") = "Projekt-Programistyczny", "Projekt-Programistyczny\Projekt-Programistyczny.csproj", "{CDFC76CD-A7E5-442C-8572-6C9162006966}"
EndProject
Global
	GlobalSection(SolutionConfigurationPlatforms) = preSolution
		Debug|Any CPU = Debug|Any CPU
		Release|Any CPU = Release|Any CPU
	EndGlobalSection
	GlobalSection(ProjectConfigurationPlatforms) = postSolution
		{CDFC76CD-A7E5-442C-8572-6C9162006966}.Debug|Any CPU.ActiveCfg = Debug|Any CPU
		{CDFC76CD-A7E5-442C-8572-6C9162006966}.Debug|Any CPU.Build.0 = Debug|Any CPU
		{CDFC76CD-A7E5-442C-8572-6C9162006966}.Release|Any CPU.ActiveCfg = Release|Any CPU
		{CDFC76CD-A7E5-442C-8572-6C9162006966}.Release|Any CPU.Build.0 = Release|Any CPU
	EndGlobalSection
	GlobalSection(SolutionProperties) = preSolution
		HideSolutionNode = FALSE
	EndGlobalSection
	GlobalSection(ExtensibilityGlobals) = postSolution
		SolutionGuid = {DB5E4EF8-6B59-4258-8564-54BD69727D3D}
	EndGlobalSection
EndGlobal
